
Microsoft Visual Studio Solution File, Format Version 12.00
# Visual Studio 15
VisualStudioVersion = 15.0.27703.2042
MinimumVisualStudioVersion = 10.0.40219.1
Project("{FAE04EC0-301F-11D3-BF4B-00C04F79EFBC}") = "Deck2018", "Deck2018\Deck2018.csproj", "{18F49D72-504B-4F73-9279-7AB060BA721B}"
EndProject
Global
	GlobalSection(SolutionConfigurationPlatforms) = preSolution
		Debug|Any CPU = Debug|Any CPU
		Release|Any CPU = Release|Any CPU
	EndGlobalSection
	GlobalSection(ProjectConfigurationPlatforms) = postSolution
		{18F49D72-504B-4F73-9279-7AB060BA721B}.Debug|Any CPU.ActiveCfg = Debug|Any CPU
		{18F49D72-504B-4F73-9279-7AB060BA721B}.Debug|Any CPU.Build.0 = Debug|Any CPU
		{18F49D72-504B-4F73-9279-7AB060BA721B}.Release|Any CPU.ActiveCfg = Release|Any CPU
		{18F49D72-504B-4F73-9279-7AB060BA721B}.Release|Any CPU.Build.0 = Release|Any CPU
	EndGlobalSection
	GlobalSection(SolutionProperties) = preSolution
		HideSolutionNode = FALSE
	EndGlobalSection
	GlobalSection(ExtensibilityGlobals) = postSolution
		SolutionGuid = {A1C6D932-63A6-43D9-9AEE-A29E0F04ED0F}
	EndGlobalSection
EndGlobal
